
Microsoft Visual Studio Solution File, Format Version 12.00
# Visual Studio Version 16
VisualStudioVersion = 16.0.32929.386
MinimumVisualStudioVersion = 10.0.40219.1
Project("{FAE04EC0-301F-11D3-BF4B-00C04F79EFBC}") = "ProiectBDInternet", "ProiectBDInternet.csproj", "{55DE53B5-D8B7-4899-865F-EBBCAF2BC47A}"
EndProject
Global
	GlobalSection(SolutionConfigurationPlatforms) = preSolution
		Debug|Any CPU = Debug|Any CPU
		Release|Any CPU = Release|Any CPU
	EndGlobalSection
	GlobalSection(ProjectConfigurationPlatforms) = postSolution
		{55DE53B5-D8B7-4899-865F-EBBCAF2BC47A}.Debug|Any CPU.ActiveCfg = Debug|Any CPU
		{55DE53B5-D8B7-4899-865F-EBBCAF2BC47A}.Debug|Any CPU.Build.0 = Debug|Any CPU
		{55DE53B5-D8B7-4899-865F-EBBCAF2BC47A}.Release|Any CPU.ActiveCfg = Release|Any CPU
		{55DE53B5-D8B7-4899-865F-EBBCAF2BC47A}.Release|Any CPU.Build.0 = Release|Any CPU
	EndGlobalSection
	GlobalSection(SolutionProperties) = preSolution
		HideSolutionNode = FALSE
	EndGlobalSection
	GlobalSection(ExtensibilityGlobals) = postSolution
		SolutionGuid = {1BDF4435-CD21-4C27-B48C-1F1314A07BCA}
	EndGlobalSection
EndGlobal
